
Microsoft Visual Studio Solution File, Format Version 12.00
# Visual Studio 14
VisualStudioVersion = 14.0.25420.1
MinimumVisualStudioVersion = 10.0.40219.1
Project("{FAE04EC0-301F-11D3-BF4B-00C04F79EFBC}") = "Bigschools  2", "Bigschools  2\Bigschools  2.csproj", "{9B61AB82-2757-420C-A076-7AFF839B54A6}"
EndProject
Global
	GlobalSection(SolutionConfigurationPlatforms) = preSolution
		Debug|Any CPU = Debug|Any CPU
		Release|Any CPU = Release|Any CPU
	EndGlobalSection
	GlobalSection(ProjectConfigurationPlatforms) = postSolution
		{9B61AB82-2757-420C-A076-7AFF839B54A6}.Debug|Any CPU.ActiveCfg = Debug|Any CPU
		{9B61AB82-2757-420C-A076-7AFF839B54A6}.Debug|Any CPU.Build.0 = Debug|Any CPU
		{9B61AB82-2757-420C-A076-7AFF839B54A6}.Release|Any CPU.ActiveCfg = Release|Any CPU
		{9B61AB82-2757-420C-A076-7AFF839B54A6}.Release|Any CPU.Build.0 = Release|Any CPU
	EndGlobalSection
	GlobalSection(SolutionProperties) = preSolution
		HideSolutionNode = FALSE
	EndGlobalSection
EndGlobal
